{
  "object": {
    "pins": [
      {
        "package": "CoreTextSwift",
        "repositoryURL": "https://github.com/krzyzanowskim/CoreTextSwift.git",
        "state": {
          "branch": "master",
          "revision": "23713bed5d15764b3157721237c4fb35d6e8b5a8",
          "version": null
        }
      },
      {
        "package": "Gzip",
        "repositoryURL": "https://github.com/1024jp/GzipSwift.git",
        "state": {
          "branch": null,
          "revision": "ba0b6cb51cc6202f896e469b87d2889a46b10d1b",
          "version": "5.1.1"
        }
      },
      {
        "package": "LibTessSwift",
        "repositoryURL": "https://github.com/LuizZak/LibTessSwift.git",
        "state": {
          "branch": null,
          "revision": "da48d3f8e66a614df22d5b2fab2f04576130f46e",
          "version": "0.8.2"
        }
      },
      {
        "package": "MiniLexer",
        "repositoryURL": "https://github.com/LuizZak/MiniLexer.git",
        "state": {
          "branch": null,
          "revision": "4da97d6f92d79402cd3cf35d6438ec723554ae7c",
          "version": "0.9.5"
        }
      },
      {
        "package": "SwiftImage",
        "repositoryURL": "https://github.com/koher/swift-image.git",
        "state": {
          "branch": null,
          "revision": "c61b8cf4613a7fc80d1c2a84231cef2909e837a1",
          "version": "0.7.1"
        }
      },
      {
        "package": "swift-numerics",
        "repositoryURL": "https://github.com/apple/swift-numerics.git",
        "state": {
          "branch": null,
          "revision": "0a5bc04095a675662cf24757cc0640aa2204253b",
          "version": "1.0.2"
        }
      },
      {
        "package": "X3D",
        "repositoryURL": "https://github.com/create3000/Swift-X3D.git",
        "state": {
          "branch": "main",
          "revision": "eb68cf13961a449d5292df0afcb5bc7473674c9f",
          "version": null
        }
      }
    ]
  },
  "version": 1
}
