// !$*UTF8*$!
{
	archiveVersion = 1;
	classes = {
	};
	objectVersion = 52;
	objects = {

/* Begin PBXBuildFile section */
		8B61F909258D2F8A00D12E4A /* AppDelegate.swift in Sources */ = {isa = PBXBuildFile; fileRef = 8B61F908258D2F8A00D12E4A /* AppDelegate.swift */; };
		8B61F90B258D2F8A00D12E4A /* ContentView.swift in Sources */ = {isa = PBXBuildFile; fileRef = 8B61F90A258D2F8A00D12E4A /* ContentView.swift */; };
		8B61F90D258D2F8C00D12E4A /* Assets.xcassets in Resources */ = {isa = PBXBuildFile; fileRef = 8B61F90C258D2F8C00D12E4A /* Assets.xcassets */; };
		8B61F910258D2F8C00D12E4A /* Preview Assets.xcassets in Resources */ = {isa = PBXBuildFile; fileRef = 8B61F90F258D2F8C00D12E4A /* Preview Assets.xcassets */; };
		8B61F913258D2F8C00D12E4A /* Main.storyboard in Resources */ = {isa = PBXBuildFile; fileRef = 8B61F911258D2F8C00D12E4A /* Main.storyboard */; };
		8B61F91F258D2F8D00D12E4A /* xTraceRouteTests.swift in Sources */ = {isa = PBXBuildFile; fileRef = 8B61F91E258D2F8D00D12E4A /* xTraceRouteTests.swift */; };
		8B61F92A258D2F8D00D12E4A /* xTraceRouteUITests.swift in Sources */ = {isa = PBXBuildFile; fileRef = 8B61F929258D2F8D00D12E4A /* xTraceRouteUITests.swift */; };
		8B61F93C258D2FBE00D12E4A /* X3D in Frameworks */ = {isa = PBXBuildFile; productRef = 8B61F93B258D2FBE00D12E4A /* X3D */; };
		8B61F947258E740400D12E4A /* scene.x3dv in Resources */ = {isa = PBXBuildFile; fileRef = 8B61F946258E740400D12E4A /* scene.x3dv */; };
		8B61F957258E918200D12E4A /* world.topo.png in Resources */ = {isa = PBXBuildFile; fileRef = 8B61F956258E918100D12E4A /* world.topo.png */; };
		8B61F95C258EB3F000D12E4A /* starfield.x3d in Resources */ = {isa = PBXBuildFile; fileRef = 8B61F95B258EB3F000D12E4A /* starfield.x3d */; };
		8B61F965258EB63500D12E4A /* athmosphere.png in Resources */ = {isa = PBXBuildFile; fileRef = 8B61F964258EB63500D12E4A /* athmosphere.png */; };
		8B61F9732590C7FB00D12E4A /* xTraceRoute.png in Resources */ = {isa = PBXBuildFile; fileRef = 8B61F9722590C7FB00D12E4A /* xTraceRoute.png */; };
		8BF827152592659A00437062 /* x-landmask4K.png in Resources */ = {isa = PBXBuildFile; fileRef = 8BF827122592659A00437062 /* x-landmask4K.png */; };
		8BF827162592659A00437062 /* x-earth.x3dv in Resources */ = {isa = PBXBuildFile; fileRef = 8BF827132592659A00437062 /* x-earth.x3dv */; };
		8BF827172592659A00437062 /* x-scene.x3dv in Resources */ = {isa = PBXBuildFile; fileRef = 8BF827142592659A00437062 /* x-scene.x3dv */; };
		8BF82720259268F600437062 /* x-athmosphere.png in Resources */ = {isa = PBXBuildFile; fileRef = 8BF8271F259268F600437062 /* x-athmosphere.png */; };
/* End PBXBuildFile section */

/* Begin PBXContainerItemProxy section */
		8B61F91B258D2F8D00D12E4A /* PBXContainerItemProxy */ = {
			isa = PBXContainerItemProxy;
			containerPortal = 8B61F8FD258D2F8A00D12E4A /* Project object */;
			proxyType = 1;
			remoteGlobalIDString = 8B61F904258D2F8A00D12E4A;
			remoteInfo = xTraceRoute;
		};
		8B61F926258D2F8D00D12E4A /* PBXContainerItemProxy */ = {
			isa = PBXContainerItemProxy;
			containerPortal = 8B61F8FD258D2F8A00D12E4A /* Project object */;
			proxyType = 1;
			remoteGlobalIDString = 8B61F904258D2F8A00D12E4A;
			remoteInfo = xTraceRoute;
		};
/* End PBXContainerItemProxy section */

/* Begin PBXFileReference section */
		8B61F905258D2F8A00D12E4A /* xTraceRoute.app */ = {isa = PBXFileReference; explicitFileType = wrapper.application; includeInIndex = 0; path = xTraceRoute.app; sourceTree = BUILT_PRODUCTS_DIR; };
		8B61F908258D2F8A00D12E4A /* AppDelegate.swift */ = {isa = PBXFileReference; lastKnownFileType = sourcecode.swift; path = AppDelegate.swift; sourceTree = "<group>"; };
		8B61F90A258D2F8A00D12E4A /* ContentView.swift */ = {isa = PBXFileReference; lastKnownFileType = sourcecode.swift; path = ContentView.swift; sourceTree = "<group>"; };
		8B61F90C258D2F8C00D12E4A /* Assets.xcassets */ = {isa = PBXFileReference; lastKnownFileType = folder.assetcatalog; path = Assets.xcassets; sourceTree = "<group>"; };
		8B61F90F258D2F8C00D12E4A /* Preview Assets.xcassets */ = {isa = PBXFileReference; lastKnownFileType = folder.assetcatalog; path = "Preview Assets.xcassets"; sourceTree = "<group>"; };
		8B61F912258D2F8C00D12E4A /* Base */ = {isa = PBXFileReference; lastKnownFileType = file.storyboard; name = Base; path = Base.lproj/Main.storyboard; sourceTree = "<group>"; };
		8B61F914258D2F8C00D12E4A /* Info.plist */ = {isa = PBXFileReference; lastKnownFileType = text.plist.xml; path = Info.plist; sourceTree = "<group>"; };
		8B61F915258D2F8D00D12E4A /* xTraceRoute.entitlements */ = {isa = PBXFileReference; lastKnownFileType = text.plist.entitlements; path = xTraceRoute.entitlements; sourceTree = "<group>"; };
		8B61F91A258D2F8D00D12E4A /* xTraceRouteTests.xctest */ = {isa = PBXFileReference; explicitFileType = wrapper.cfbundle; includeInIndex = 0; path = xTraceRouteTests.xctest; sourceTree = BUILT_PRODUCTS_DIR; };
		8B61F91E258D2F8D00D12E4A /* xTraceRouteTests.swift */ = {isa = PBXFileReference; lastKnownFileType = sourcecode.swift; path = xTraceRouteTests.swift; sourceTree = "<group>"; };
		8B61F920258D2F8D00D12E4A /* Info.plist */ = {isa = PBXFileReference; lastKnownFileType = text.plist.xml; path = Info.plist; sourceTree = "<group>"; };
		8B61F925258D2F8D00D12E4A /* xTraceRouteUITests.xctest */ = {isa = PBXFileReference; explicitFileType = wrapper.cfbundle; includeInIndex = 0; path = xTraceRouteUITests.xctest; sourceTree = BUILT_PRODUCTS_DIR; };
		8B61F929258D2F8D00D12E4A /* xTraceRouteUITests.swift */ = {isa = PBXFileReference; lastKnownFileType = sourcecode.swift; path = xTraceRouteUITests.swift; sourceTree = "<group>"; };
		8B61F92B258D2F8D00D12E4A /* Info.plist */ = {isa = PBXFileReference; lastKnownFileType = text.plist.xml; path = Info.plist; sourceTree = "<group>"; };
		8B61F946258E740400D12E4A /* scene.x3dv */ = {isa = PBXFileReference; lastKnownFileType = text; path = scene.x3dv; sourceTree = "<group>"; };
		8B61F956258E918100D12E4A /* world.topo.png */ = {isa = PBXFileReference; lastKnownFileType = image.png; path = world.topo.png; sourceTree = "<group>"; };
		8B61F95B258EB3F000D12E4A /* starfield.x3d */ = {isa = PBXFileReference; fileEncoding = 4; lastKnownFileType = text.xml; path = starfield.x3d; sourceTree = "<group>"; };
		8B61F964258EB63500D12E4A /* athmosphere.png */ = {isa = PBXFileReference; lastKnownFileType = image.png; path = athmosphere.png; sourceTree = "<group>"; };
		8B61F9712590C57300D12E4A /* README.md */ = {isa = PBXFileReference; lastKnownFileType = net.daringfireball.markdown; path = README.md; sourceTree = "<group>"; };
		8B61F9722590C7FB00D12E4A /* xTraceRoute.png */ = {isa = PBXFileReference; lastKnownFileType = image.png; path = xTraceRoute.png; sourceTree = "<group>"; };
		8BF827122592659A00437062 /* x-landmask4K.png */ = {isa = PBXFileReference; lastKnownFileType = image.png; path = "x-landmask4K.png"; sourceTree = "<group>"; };
		8BF827132592659A00437062 /* x-earth.x3dv */ = {isa = PBXFileReference; fileEncoding = 4; lastKnownFileType = text; path = "x-earth.x3dv"; sourceTree = "<group>"; };
		8BF827142592659A00437062 /* x-scene.x3dv */ = {isa = PBXFileReference; fileEncoding = 4; lastKnownFileType = text; path = "x-scene.x3dv"; sourceTree = "<group>"; };
		8BF8271F259268F600437062 /* x-athmosphere.png */ = {isa = PBXFileReference; lastKnownFileType = image.png; path = "x-athmosphere.png"; sourceTree = "<group>"; };
/* End PBXFileReference section */

/* Begin PBXFrameworksBuildPhase section */
		8B61F902258D2F8A00D12E4A /* Frameworks */ = {
			isa = PBXFrameworksBuildPhase;
			buildActionMask = 2147483647;
			files = (
				8B61F93C258D2FBE00D12E4A /* X3D in Frameworks */,
			);
			runOnlyForDeploymentPostprocessing = 0;
		};
		8B61F917258D2F8D00D12E4A /* Frameworks */ = {
			isa = PBXFrameworksBuildPhase;
			buildActionMask = 2147483647;
			files = (
			);
			runOnlyForDeploymentPostprocessing = 0;
		};
		8B61F922258D2F8D00D12E4A /* Frameworks */ = {
			isa = PBXFrameworksBuildPhase;
			buildActionMask = 2147483647;
			files = (
			);
			runOnlyForDeploymentPostprocessing = 0;
		};
/* End PBXFrameworksBuildPhase section */

/* Begin PBXGroup section */
		8B61F8FC258D2F8A00D12E4A = {
			isa = PBXGroup;
			children = (
				8B61F9712590C57300D12E4A /* README.md */,
				8B61F9722590C7FB00D12E4A /* xTraceRoute.png */,
				8B61F907258D2F8A00D12E4A /* xTraceRoute */,
				8B61F91D258D2F8D00D12E4A /* xTraceRouteTests */,
				8B61F928258D2F8D00D12E4A /* xTraceRouteUITests */,
				8B61F906258D2F8A00D12E4A /* Products */,
			);
			sourceTree = "<group>";
		};
		8B61F906258D2F8A00D12E4A /* Products */ = {
			isa = PBXGroup;
			children = (
				8B61F905258D2F8A00D12E4A /* xTraceRoute.app */,
				8B61F91A258D2F8D00D12E4A /* xTraceRouteTests.xctest */,
				8B61F925258D2F8D00D12E4A /* xTraceRouteUITests.xctest */,
			);
			name = Products;
			sourceTree = "<group>";
		};
		8B61F907258D2F8A00D12E4A /* xTraceRoute */ = {
			isa = PBXGroup;
			children = (
				8B61F908258D2F8A00D12E4A /* AppDelegate.swift */,
				8B61F90A258D2F8A00D12E4A /* ContentView.swift */,
				8B61F90C258D2F8C00D12E4A /* Assets.xcassets */,
				8B61F911258D2F8C00D12E4A /* Main.storyboard */,
				8B61F914258D2F8C00D12E4A /* Info.plist */,
				8B61F915258D2F8D00D12E4A /* xTraceRoute.entitlements */,
				8B61F90E258D2F8C00D12E4A /* Preview Content */,
				8B61F960258EB3F900D12E4A /* X3D */,
			);
			path = xTraceRoute;
			sourceTree = "<group>";
		};
		8B61F90E258D2F8C00D12E4A /* Preview Content */ = {
			isa = PBXGroup;
			children = (
				8B61F90F258D2F8C00D12E4A /* Preview Assets.xcassets */,
			);
			path = "Preview Content";
			sourceTree = "<group>";
		};
		8B61F91D258D2F8D00D12E4A /* xTraceRouteTests */ = {
			isa = PBXGroup;
			children = (
				8B61F91E258D2F8D00D12E4A /* xTraceRouteTests.swift */,
				8B61F920258D2F8D00D12E4A /* Info.plist */,
			);
			path = xTraceRouteTests;
			sourceTree = "<group>";
		};
		8B61F928258D2F8D00D12E4A /* xTraceRouteUITests */ = {
			isa = PBXGroup;
			children = (
				8B61F929258D2F8D00D12E4A /* xTraceRouteUITests.swift */,
				8B61F92B258D2F8D00D12E4A /* Info.plist */,
			);
			path = xTraceRouteUITests;
			sourceTree = "<group>";
		};
		8B61F960258EB3F900D12E4A /* X3D */ = {
			isa = PBXGroup;
			children = (
				8BF827112592657700437062 /* x-earth */,
				8BF827102592656200437062 /* earth */,
			);
			path = X3D;
			sourceTree = "<group>";
		};
		8BF827102592656200437062 /* earth */ = {
			isa = PBXGroup;
			children = (
				8B61F946258E740400D12E4A /* scene.x3dv */,
				8B61F95B258EB3F000D12E4A /* starfield.x3d */,
				8B61F956258E918100D12E4A /* world.topo.png */,
				8B61F964258EB63500D12E4A /* athmosphere.png */,
			);
			path = earth;
			sourceTree = "<group>";
		};
		8BF827112592657700437062 /* x-earth */ = {
			isa = PBXGroup;
			children = (
				8BF827142592659A00437062 /* x-scene.x3dv */,
				8BF827132592659A00437062 /* x-earth.x3dv */,
				8BF827122592659A00437062 /* x-landmask4K.png */,
				8BF8271F259268F600437062 /* x-athmosphere.png */,
			);
			path = "x-earth";
			sourceTree = "<group>";
		};
/* End PBXGroup section */

/* Begin PBXNativeTarget section */
		8B61F904258D2F8A00D12E4A /* xTraceRoute */ = {
			isa = PBXNativeTarget;
			buildConfigurationList = 8B61F92E258D2F8D00D12E4A /* Build configuration list for PBXNativeTarget "xTraceRoute" */;
			buildPhases = (
				8B61F901258D2F8A00D12E4A /* Sources */,
				8B61F902258D2F8A00D12E4A /* Frameworks */,
				8B61F903258D2F8A00D12E4A /* Resources */,
			);
			buildRules = (
			);
			dependencies = (
			);
			name = xTraceRoute;
			packageProductDependencies = (
				8B61F93B258D2FBE00D12E4A /* X3D */,
			);
			productName = xTraceRoute;
			productReference = 8B61F905258D2F8A00D12E4A /* xTraceRoute.app */;
			productType = "com.apple.product-type.application";
		};
		8B61F919258D2F8D00D12E4A /* xTraceRouteTests */ = {
			isa = PBXNativeTarget;
			buildConfigurationList = 8B61F931258D2F8D00D12E4A /* Build configuration list for PBXNativeTarget "xTraceRouteTests" */;
			buildPhases = (
				8B61F916258D2F8D00D12E4A /* Sources */,
				8B61F917258D2F8D00D12E4A /* Frameworks */,
				8B61F918258D2F8D00D12E4A /* Resources */,
			);
			buildRules = (
			);
			dependencies = (
				8B61F91C258D2F8D00D12E4A /* PBXTargetDependency */,
			);
			name = xTraceRouteTests;
			productName = xTraceRouteTests;
			productReference = 8B61F91A258D2F8D00D12E4A /* xTraceRouteTests.xctest */;
			productType = "com.apple.product-type.bundle.unit-test";
		};
		8B61F924258D2F8D00D12E4A /* xTraceRouteUITests */ = {
			isa = PBXNativeTarget;
			buildConfigurationList = 8B61F934258D2F8D00D12E4A /* Build configuration list for PBXNativeTarget "xTraceRouteUITests" */;
			buildPhases = (
				8B61F921258D2F8D00D12E4A /* Sources */,
				8B61F922258D2F8D00D12E4A /* Frameworks */,
				8B61F923258D2F8D00D12E4A /* Resources */,
			);
			buildRules = (
			);
			dependencies = (
				8B61F927258D2F8D00D12E4A /* PBXTargetDependency */,
			);
			name = xTraceRouteUITests;
			productName = xTraceRouteUITests;
			productReference = 8B61F925258D2F8D00D12E4A /* xTraceRouteUITests.xctest */;
			productType = "com.apple.product-type.bundle.ui-testing";
		};
/* End PBXNativeTarget section */

/* Begin PBXProject section */
		8B61F8FD258D2F8A00D12E4A /* Project object */ = {
			isa = PBXProject;
			attributes = {
				LastSwiftUpdateCheck = 1230;
				LastUpgradeCheck = 1230;
				TargetAttributes = {
					8B61F904258D2F8A00D12E4A = {
						CreatedOnToolsVersion = 12.3;
					};
					8B61F919258D2F8D00D12E4A = {
						CreatedOnToolsVersion = 12.3;
						TestTargetID = 8B61F904258D2F8A00D12E4A;
					};
					8B61F924258D2F8D00D12E4A = {
						CreatedOnToolsVersion = 12.3;
						TestTargetID = 8B61F904258D2F8A00D12E4A;
					};
				};
			};
			buildConfigurationList = 8B61F900258D2F8A00D12E4A /* Build configuration list for PBXProject "xTraceRoute" */;
			compatibilityVersion = "Xcode 9.3";
			developmentRegion = en;
			hasScannedForEncodings = 0;
			knownRegions = (
				en,
				Base,
			);
			mainGroup = 8B61F8FC258D2F8A00D12E4A;
			packageReferences = (
				8B61F93A258D2FBE00D12E4A /* XCRemoteSwiftPackageReference "Swift-X3D" */,
			);
			productRefGroup = 8B61F906258D2F8A00D12E4A /* Products */;
			projectDirPath = "";
			projectRoot = "";
			targets = (
				8B61F904258D2F8A00D12E4A /* xTraceRoute */,
				8B61F919258D2F8D00D12E4A /* xTraceRouteTests */,
				8B61F924258D2F8D00D12E4A /* xTraceRouteUITests */,
			);
		};
/* End PBXProject section */

/* Begin PBXResourcesBuildPhase section */
		8B61F903258D2F8A00D12E4A /* Resources */ = {
			isa = PBXResourcesBuildPhase;
			buildActionMask = 2147483647;
			files = (
				8B61F9732590C7FB00D12E4A /* xTraceRoute.png in Resources */,
				8B61F913258D2F8C00D12E4A /* Main.storyboard in Resources */,
				8B61F957258E918200D12E4A /* world.topo.png in Resources */,
				8BF827172592659A00437062 /* x-scene.x3dv in Resources */,
				8B61F947258E740400D12E4A /* scene.x3dv in Resources */,
				8BF82720259268F600437062 /* x-athmosphere.png in Resources */,
				8B61F910258D2F8C00D12E4A /* Preview Assets.xcassets in Resources */,
				8B61F95C258EB3F000D12E4A /* starfield.x3d in Resources */,
				8BF827162592659A00437062 /* x-earth.x3dv in Resources */,
				8B61F965258EB63500D12E4A /* athmosphere.png in Resources */,
				8BF827152592659A00437062 /* x-landmask4K.png in Resources */,
				8B61F90D258D2F8C00D12E4A /* Assets.xcassets in Resources */,
			);
			runOnlyForDeploymentPostprocessing = 0;
		};
		8B61F918258D2F8D00D12E4A /* Resources */ = {
			isa = PBXResourcesBuildPhase;
			buildActionMask = 2147483647;
			files = (
			);
			runOnlyForDeploymentPostprocessing = 0;
		};
		8B61F923258D2F8D00D12E4A /* Resources */ = {
			isa = PBXResourcesBuildPhase;
			buildActionMask = 2147483647;
			files = (
			);
			runOnlyForDeploymentPostprocessing = 0;
		};
/* End PBXResourcesBuildPhase section */

/* Begin PBXSourcesBuildPhase section */
		8B61F901258D2F8A00D12E4A /* Sources */ = {
			isa = PBXSourcesBuildPhase;
			buildActionMask = 2147483647;
			files = (
				8B61F90B258D2F8A00D12E4A /* ContentView.swift in Sources */,
				8B61F909258D2F8A00D12E4A /* AppDelegate.swift in Sources */,
			);
			runOnlyForDeploymentPostprocessing = 0;
		};
		8B61F916258D2F8D00D12E4A /* Sources */ = {
			isa = PBXSourcesBuildPhase;
			buildActionMask = 2147483647;
			files = (
				8B61F91F258D2F8D00D12E4A /* xTraceRouteTests.swift in Sources */,
			);
			runOnlyForDeploymentPostprocessing = 0;
		};
		8B61F921258D2F8D00D12E4A /* Sources */ = {
			isa = PBXSourcesBuildPhase;
			buildActionMask = 2147483647;
			files = (
				8B61F92A258D2F8D00D12E4A /* xTraceRouteUITests.swift in Sources */,
			);
			runOnlyForDeploymentPostprocessing = 0;
		};
/* End PBXSourcesBuildPhase section */

/* Begin PBXTargetDependency section */
		8B61F91C258D2F8D00D12E4A /* PBXTargetDependency */ = {
			isa = PBXTargetDependency;
			target = 8B61F904258D2F8A00D12E4A /* xTraceRoute */;
			targetProxy = 8B61F91B258D2F8D00D12E4A /* PBXContainerItemProxy */;
		};
		8B61F927258D2F8D00D12E4A /* PBXTargetDependency */ = {
			isa = PBXTargetDependency;
			target = 8B61F904258D2F8A00D12E4A /* xTraceRoute */;
			targetProxy = 8B61F926258D2F8D00D12E4A /* PBXContainerItemProxy */;
		};
/* End PBXTargetDependency section */

/* Begin PBXVariantGroup section */
		8B61F911258D2F8C00D12E4A /* Main.storyboard */ = {
			isa = PBXVariantGroup;
			children = (
				8B61F912258D2F8C00D12E4A /* Base */,
			);
			name = Main.storyboard;
			sourceTree = "<group>";
		};
/* End PBXVariantGroup section */

/* Begin XCBuildConfiguration section */
		8B61F92C258D2F8D00D12E4A /* Debug */ = {
			isa = XCBuildConfiguration;
			buildSettings = {
				ALWAYS_SEARCH_USER_PATHS = NO;
				CLANG_ANALYZER_NONNULL = YES;
				CLANG_ANALYZER_NUMBER_OBJECT_CONVERSION = YES_AGGRESSIVE;
				CLANG_CXX_LANGUAGE_STANDARD = "gnu++14";
				CLANG_CXX_LIBRARY = "libc++";
				CLANG_ENABLE_MODULES = YES;
				CLANG_ENABLE_OBJC_ARC = YES;
				CLANG_ENABLE_OBJC_WEAK = YES;
				CLANG_WARN_BLOCK_CAPTURE_AUTORELEASING = YES;
				CLANG_WARN_BOOL_CONVERSION = YES;
				CLANG_WARN_COMMA = YES;
				CLANG_WARN_CONSTANT_CONVERSION = YES;
				CLANG_WARN_DEPRECATED_OBJC_IMPLEMENTATIONS = YES;
				CLANG_WARN_DIRECT_OBJC_ISA_USAGE = YES_ERROR;
				CLANG_WARN_DOCUMENTATION_COMMENTS = YES;
				CLANG_WARN_EMPTY_BODY = YES;
				CLANG_WARN_ENUM_CONVERSION = YES;
				CLANG_WARN_INFINITE_RECURSION = YES;
				CLANG_WARN_INT_CONVERSION = YES;
				CLANG_WARN_NON_LITERAL_NULL_CONVERSION = YES;
				CLANG_WARN_OBJC_IMPLICIT_RETAIN_SELF = YES;
				CLANG_WARN_OBJC_LITERAL_CONVERSION = YES;
				CLANG_WARN_OBJC_ROOT_CLASS = YES_ERROR;
				CLANG_WARN_QUOTED_INCLUDE_IN_FRAMEWORK_HEADER = YES;
				CLANG_WARN_RANGE_LOOP_ANALYSIS = YES;
				CLANG_WARN_STRICT_PROTOTYPES = YES;
				CLANG_WARN_SUSPICIOUS_MOVE = YES;
				CLANG_WARN_UNGUARDED_AVAILABILITY = YES_AGGRESSIVE;
				CLANG_WARN_UNREACHABLE_CODE = YES;
				CLANG_WARN__DUPLICATE_METHOD_MATCH = YES;
				COPY_PHASE_STRIP = NO;
				DEBUG_INFORMATION_FORMAT = dwarf;
				ENABLE_STRICT_OBJC_MSGSEND = YES;
				ENABLE_TESTABILITY = YES;
				GCC_C_LANGUAGE_STANDARD = gnu11;
				GCC_DYNAMIC_NO_PIC = NO;
				GCC_NO_COMMON_BLOCKS = YES;
				GCC_OPTIMIZATION_LEVEL = 0;
				GCC_PREPROCESSOR_DEFINITIONS = (
					"DEBUG=1",
					"$(inherited)",
				);
				GCC_WARN_64_TO_32_BIT_CONVERSION = YES;
				GCC_WARN_ABOUT_RETURN_TYPE = YES_ERROR;
				GCC_WARN_UNDECLARED_SELECTOR = YES;
				GCC_WARN_UNINITIALIZED_AUTOS = YES_AGGRESSIVE;
				GCC_WARN_UNUSED_FUNCTION = YES;
				GCC_WARN_UNUSED_VARIABLE = YES;
				MACOSX_DEPLOYMENT_TARGET = 11.0;
				MTL_ENABLE_DEBUG_INFO = INCLUDE_SOURCE;
				MTL_FAST_MATH = YES;
				ONLY_ACTIVE_ARCH = YES;
				SDKROOT = macosx;
				SWIFT_ACTIVE_COMPILATION_CONDITIONS = DEBUG;
				SWIFT_OPTIMIZATION_LEVEL = "-Onone";
			};
			name = Debug;
		};
		8B61F92D258D2F8D00D12E4A /* Release */ = {
			isa = XCBuildConfiguration;
			buildSettings = {
				ALWAYS_SEARCH_USER_PATHS = NO;
				CLANG_ANALYZER_NONNULL = YES;
				CLANG_ANALYZER_NUMBER_OBJECT_CONVERSION = YES_AGGRESSIVE;
				CLANG_CXX_LANGUAGE_STANDARD = "gnu++14";
				CLANG_CXX_LIBRARY = "libc++";
				CLANG_ENABLE_MODULES = YES;
				CLANG_ENABLE_OBJC_ARC = YES;
				CLANG_ENABLE_OBJC_WEAK = YES;
				CLANG_WARN_BLOCK_CAPTURE_AUTORELEASING = YES;
				CLANG_WARN_BOOL_CONVERSION = YES;
				CLANG_WARN_COMMA = YES;
				CLANG_WARN_CONSTANT_CONVERSION = YES;
				CLANG_WARN_DEPRECATED_OBJC_IMPLEMENTATIONS = YES;
				CLANG_WARN_DIRECT_OBJC_ISA_USAGE = YES_ERROR;
				CLANG_WARN_DOCUMENTATION_COMMENTS = YES;
				CLANG_WARN_EMPTY_BODY = YES;
				CLANG_WARN_ENUM_CONVERSION = YES;
				CLANG_WARN_INFINITE_RECURSION = YES;
				CLANG_WARN_INT_CONVERSION = YES;
				CLANG_WARN_NON_LITERAL_NULL_CONVERSION = YES;
				CLANG_WARN_OBJC_IMPLICIT_RETAIN_SELF = YES;
				CLANG_WARN_OBJC_LITERAL_CONVERSION = YES;
				CLANG_WARN_OBJC_ROOT_CLASS = YES_ERROR;
				CLANG_WARN_QUOTED_INCLUDE_IN_FRAMEWORK_HEADER = YES;
				CLANG_WARN_RANGE_LOOP_ANALYSIS = YES;
				CLANG_WARN_STRICT_PROTOTYPES = YES;
				CLANG_WARN_SUSPICIOUS_MOVE = YES;
				CLANG_WARN_UNGUARDED_AVAILABILITY = YES_AGGRESSIVE;
				CLANG_WARN_UNREACHABLE_CODE = YES;
				CLANG_WARN__DUPLICATE_METHOD_MATCH = YES;
				COPY_PHASE_STRIP = NO;
				DEBUG_INFORMATION_FORMAT = "dwarf-with-dsym";
				ENABLE_NS_ASSERTIONS = NO;
				ENABLE_STRICT_OBJC_MSGSEND = YES;
				GCC_C_LANGUAGE_STANDARD = gnu11;
				GCC_NO_COMMON_BLOCKS = YES;
				GCC_WARN_64_TO_32_BIT_CONVERSION = YES;
				GCC_WARN_ABOUT_RETURN_TYPE = YES_ERROR;
				GCC_WARN_UNDECLARED_SELECTOR = YES;
				GCC_WARN_UNINITIALIZED_AUTOS = YES_AGGRESSIVE;
				GCC_WARN_UNUSED_FUNCTION = YES;
				GCC_WARN_UNUSED_VARIABLE = YES;
				MACOSX_DEPLOYMENT_TARGET = 11.0;
				MTL_ENABLE_DEBUG_INFO = NO;
				MTL_FAST_MATH = YES;
				SDKROOT = macosx;
				SWIFT_COMPILATION_MODE = wholemodule;
				SWIFT_OPTIMIZATION_LEVEL = "-O";
			};
			name = Release;
		};
		8B61F92F258D2F8D00D12E4A /* Debug */ = {
			isa = XCBuildConfiguration;
			buildSettings = {
				ASSETCATALOG_COMPILER_APPICON_NAME = AppIcon;
				ASSETCATALOG_COMPILER_GLOBAL_ACCENT_COLOR_NAME = AccentColor;
				CODE_SIGN_ENTITLEMENTS = xTraceRoute/xTraceRoute.entitlements;
				CODE_SIGN_STYLE = Automatic;
				COMBINE_HIDPI_IMAGES = YES;
				DEVELOPMENT_ASSET_PATHS = "\"xTraceRoute/Preview Content\"";
				DEVELOPMENT_TEAM = MT7W89H4DU;
				ENABLE_HARDENED_RUNTIME = YES;
				ENABLE_PREVIEWS = YES;
				INFOPLIST_FILE = xTraceRoute/Info.plist;
				LD_RUNPATH_SEARCH_PATHS = (
					"$(inherited)",
					"@executable_path/../Frameworks",
				);
				MACOSX_DEPLOYMENT_TARGET = 10.15;
				MARKETING_VERSION = 2.0;
				PRODUCT_BUNDLE_IDENTIFIER = create3000.xTraceRoute;
				PRODUCT_NAME = "$(TARGET_NAME)";
				SWIFT_VERSION = 5.0;
			};
			name = Debug;
		};
		8B61F930258D2F8D00D12E4A /* Release */ = {
			isa = XCBuildConfiguration;
			buildSettings = {
				ASSETCATALOG_COMPILER_APPICON_NAME = AppIcon;
				ASSETCATALOG_COMPILER_GLOBAL_ACCENT_COLOR_NAME = AccentColor;
				CODE_SIGN_ENTITLEMENTS = xTraceRoute/xTraceRoute.entitlements;
				CODE_SIGN_STYLE = Automatic;
				COMBINE_HIDPI_IMAGES = YES;
				DEVELOPMENT_ASSET_PATHS = "\"xTraceRoute/Preview Content\"";
				DEVELOPMENT_TEAM = MT7W89H4DU;
				ENABLE_HARDENED_RUNTIME = YES;
				ENABLE_PREVIEWS = YES;
				INFOPLIST_FILE = xTraceRoute/Info.plist;
				LD_RUNPATH_SEARCH_PATHS = (
					"$(inherited)",
					"@executable_path/../Frameworks",
				);
				MACOSX_DEPLOYMENT_TARGET = 10.15;
				MARKETING_VERSION = 2.0;
				PRODUCT_BUNDLE_IDENTIFIER = create3000.xTraceRoute;
				PRODUCT_NAME = "$(TARGET_NAME)";
				SWIFT_VERSION = 5.0;
			};
			name = Release;
		};
		8B61F932258D2F8D00D12E4A /* Debug */ = {
			isa = XCBuildConfiguration;
			buildSettings = {
				ALWAYS_EMBED_SWIFT_STANDARD_LIBRARIES = YES;
				BUNDLE_LOADER = "$(TEST_HOST)";
				CODE_SIGN_STYLE = Automatic;
				COMBINE_HIDPI_IMAGES = YES;
				DEVELOPMENT_TEAM = MT7W89H4DU;
				INFOPLIST_FILE = xTraceRouteTests/Info.plist;
				LD_RUNPATH_SEARCH_PATHS = (
					"$(inherited)",
					"@executable_path/../Frameworks",
					"@loader_path/../Frameworks",
				);
				MACOSX_DEPLOYMENT_TARGET = 10.15;
				PRODUCT_BUNDLE_IDENTIFIER = create3000.xTraceRouteTests;
				PRODUCT_NAME = "$(TARGET_NAME)";
				SWIFT_VERSION = 5.0;
				TEST_HOST = "$(BUILT_PRODUCTS_DIR)/xTraceRoute.app/Contents/MacOS/xTraceRoute";
			};
			name = Debug;
		};
		8B61F933258D2F8D00D12E4A /* Release */ = {
			isa = XCBuildConfiguration;
			buildSettings = {
				ALWAYS_EMBED_SWIFT_STANDARD_LIBRARIES = YES;
				BUNDLE_LOADER = "$(TEST_HOST)";
				CODE_SIGN_STYLE = Automatic;
				COMBINE_HIDPI_IMAGES = YES;
				DEVELOPMENT_TEAM = MT7W89H4DU;
				INFOPLIST_FILE = xTraceRouteTests/Info.plist;
				LD_RUNPATH_SEARCH_PATHS = (
					"$(inherited)",
					"@executable_path/../Frameworks",
					"@loader_path/../Frameworks",
				);
				MACOSX_DEPLOYMENT_TARGET = 10.15;
				PRODUCT_BUNDLE_IDENTIFIER = create3000.xTraceRouteTests;
				PRODUCT_NAME = "$(TARGET_NAME)";
				SWIFT_VERSION = 5.0;
				TEST_HOST = "$(BUILT_PRODUCTS_DIR)/xTraceRoute.app/Contents/MacOS/xTraceRoute";
			};
			name = Release;
		};
		8B61F935258D2F8D00D12E4A /* Debug */ = {
			isa = XCBuildConfiguration;
			buildSettings = {
				ALWAYS_EMBED_SWIFT_STANDARD_LIBRARIES = YES;
				CODE_SIGN_STYLE = Automatic;
				COMBINE_HIDPI_IMAGES = YES;
				DEVELOPMENT_TEAM = MT7W89H4DU;
				INFOPLIST_FILE = xTraceRouteUITests/Info.plist;
				LD_RUNPATH_SEARCH_PATHS = (
					"$(inherited)",
					"@executable_path/../Frameworks",
					"@loader_path/../Frameworks",
				);
				PRODUCT_BUNDLE_IDENTIFIER = create3000.xTraceRouteUITests;
				PRODUCT_NAME = "$(TARGET_NAME)";
				SWIFT_VERSION = 5.0;
				TEST_TARGET_NAME = xTraceRoute;
			};
			name = Debug;
		};
		8B61F936258D2F8D00D12E4A /* Release */ = {
			isa = XCBuildConfiguration;
			buildSettings = {
				ALWAYS_EMBED_SWIFT_STANDARD_LIBRARIES = YES;
				CODE_SIGN_STYLE = Automatic;
				COMBINE_HIDPI_IMAGES = YES;
				DEVELOPMENT_TEAM = MT7W89H4DU;
				INFOPLIST_FILE = xTraceRouteUITests/Info.plist;
				LD_RUNPATH_SEARCH_PATHS = (
					"$(inherited)",
					"@executable_path/../Frameworks",
					"@loader_path/../Frameworks",
				);
				PRODUCT_BUNDLE_IDENTIFIER = create3000.xTraceRouteUITests;
				PRODUCT_NAME = "$(TARGET_NAME)";
				SWIFT_VERSION = 5.0;
				TEST_TARGET_NAME = xTraceRoute;
			};
			name = Release;
		};
/* End XCBuildConfiguration section */

/* Begin XCConfigurationList section */
		8B61F900258D2F8A00D12E4A /* Build configuration list for PBXProject "xTraceRoute" */ = {
			isa = XCConfigurationList;
			buildConfigurations = (
				8B61F92C258D2F8D00D12E4A /* Debug */,
				8B61F92D258D2F8D00D12E4A /* Release */,
			);
			defaultConfigurationIsVisible = 0;
			defaultConfigurationName = Release;
		};
		8B61F92E258D2F8D00D12E4A /* Build configuration list for PBXNativeTarget "xTraceRoute" */ = {
			isa = XCConfigurationList;
			buildConfigurations = (
				8B61F92F258D2F8D00D12E4A /* Debug */,
				8B61F930258D2F8D00D12E4A /* Release */,
			);
			defaultConfigurationIsVisible = 0;
			defaultConfigurationName = Release;
		};
		8B61F931258D2F8D00D12E4A /* Build configuration list for PBXNativeTarget "xTraceRouteTests" */ = {
			isa = XCConfigurationList;
			buildConfigurations = (
				8B61F932258D2F8D00D12E4A /* Debug */,
				8B61F933258D2F8D00D12E4A /* Release */,
			);
			defaultConfigurationIsVisible = 0;
			defaultConfigurationName = Release;
		};
		8B61F934258D2F8D00D12E4A /* Build configuration list for PBXNativeTarget "xTraceRouteUITests" */ = {
			isa = XCConfigurationList;
			buildConfigurations = (
				8B61F935258D2F8D00D12E4A /* Debug */,
				8B61F936258D2F8D00D12E4A /* Release */,
			);
			defaultConfigurationIsVisible = 0;
			defaultConfigurationName = Release;
		};
/* End XCConfigurationList section */

/* Begin XCRemoteSwiftPackageReference section */
		8B61F93A258D2FBE00D12E4A /* XCRemoteSwiftPackageReference "Swift-X3D" */ = {
			isa = XCRemoteSwiftPackageReference;
			repositoryURL = "https://github.com/create3000/Swift-X3D.git";
			requirement = {
				branch = main;
				kind = branch;
			};
		};
/* End XCRemoteSwiftPackageReference section */

/* Begin XCSwiftPackageProductDependency section */
		8B61F93B258D2FBE00D12E4A /* X3D */ = {
			isa = XCSwiftPackageProductDependency;
			package = 8B61F93A258D2FBE00D12E4A /* XCRemoteSwiftPackageReference "Swift-X3D" */;
			productName = X3D;
		};
/* End XCSwiftPackageProductDependency section */
	};
	rootObject = 8B61F8FD258D2F8A00D12E4A /* Project object */;
}
